
Microsoft Visual Studio Solution File, Format Version 12.00
# Visual Studio Version 17
VisualStudioVersion = 17.1.32421.90
MinimumVisualStudioVersion = 10.0.40219.1
Project("{FAE04EC0-301F-11D3-BF4B-00C04F79EFBC}") = "UCLN_BCNN", "UCLN_BCNN\UCLN_BCNN.csproj", "{5FABA38E-8C31-4CCC-BDE2-89734525F073}"
EndProject
Global
	GlobalSection(SolutionConfigurationPlatforms) = preSolution
		Debug|Any CPU = Debug|Any CPU
		Release|Any CPU = Release|Any CPU
	EndGlobalSection
	GlobalSection(ProjectConfigurationPlatforms) = postSolution
		{5FABA38E-8C31-4CCC-BDE2-89734525F073}.Debug|Any CPU.ActiveCfg = Debug|Any CPU
		{5FABA38E-8C31-4CCC-BDE2-89734525F073}.Debug|Any CPU.Build.0 = Debug|Any CPU
		{5FABA38E-8C31-4CCC-BDE2-89734525F073}.Release|Any CPU.ActiveCfg = Release|Any CPU
		{5FABA38E-8C31-4CCC-BDE2-89734525F073}.Release|Any CPU.Build.0 = Release|Any CPU
	EndGlobalSection
	GlobalSection(SolutionProperties) = preSolution
		HideSolutionNode = FALSE
	EndGlobalSection
	GlobalSection(ExtensibilityGlobals) = postSolution
		SolutionGuid = {E7F102DF-053E-4B46-A3B1-0C85913248B2}
	EndGlobalSection
EndGlobal
