
Microsoft Visual Studio Solution File, Format Version 12.00
# Visual Studio Version 17
VisualStudioVersion = 17.1.32421.90
MinimumVisualStudioVersion = 10.0.40219.1
Project("{FAE04EC0-301F-11D3-BF4B-00C04F79EFBC}") = "Bang_Cuu_Chuong", "Bang_Cuu_Chuong\Bang_Cuu_Chuong.csproj", "{512062E3-8834-48F8-89AE-F676F02166ED}"
EndProject
Global
	GlobalSection(SolutionConfigurationPlatforms) = preSolution
		Debug|Any CPU = Debug|Any CPU
		Release|Any CPU = Release|Any CPU
	EndGlobalSection
	GlobalSection(ProjectConfigurationPlatforms) = postSolution
		{512062E3-8834-48F8-89AE-F676F02166ED}.Debug|Any CPU.ActiveCfg = Debug|Any CPU
		{512062E3-8834-48F8-89AE-F676F02166ED}.Debug|Any CPU.Build.0 = Debug|Any CPU
		{512062E3-8834-48F8-89AE-F676F02166ED}.Release|Any CPU.ActiveCfg = Release|Any CPU
		{512062E3-8834-48F8-89AE-F676F02166ED}.Release|Any CPU.Build.0 = Release|Any CPU
	EndGlobalSection
	GlobalSection(SolutionProperties) = preSolution
		HideSolutionNode = FALSE
	EndGlobalSection
	GlobalSection(ExtensibilityGlobals) = postSolution
		SolutionGuid = {57E234CA-B93D-421A-9F56-02F63050E5EF}
	EndGlobalSection
EndGlobal
